{
  "name": "places-pub",
  "requires": true,
  "lockfileVersion": 1,
  "dependencies": {
    "mdast-comment-marker": {
      "version": "1.0.2",
      "resolved": "https://registry.npmjs.org/mdast-comment-marker/-/mdast-comment-marker-1.0.2.tgz",
      "integrity": "sha1-Hd8O+BH7UkOQF8jSwLkiA18rp0o=",
      "dev": true
    },
    "remark-lint": {
      "version": "6.0.1",
      "resolved": "https://registry.npmjs.org/remark-lint/-/remark-lint-6.0.1.tgz",
      "integrity": "sha512-wvTTuB5O5pF8SxqahQjjrU3dtuhygYjaGcOZTw+4ACgSE4RBINDlNqN46HjcV3X0ib5GmObJUt5a2mmhtmuTqw==",
      "dev": true,
      "requires": {
        "remark-message-control": "4.0.1"
      }
    },
    "remark-message-control": {
      "version": "4.0.1",
      "resolved": "https://registry.npmjs.org/remark-message-control/-/remark-message-control-4.0.1.tgz",
      "integrity": "sha1-KRPNYLMW2fnzkKp/NGOdIM9VmW0=",
      "dev": true,
      "requires": {
        "mdast-comment-marker": "1.0.2",
        "trim": "0.0.1",
        "unist-util-visit": "1.1.3",
        "vfile-location": "2.0.2"
      }
    },
    "trim": {
      "version": "0.0.1",
      "resolved": "https://registry.npmjs.org/trim/-/trim-0.0.1.tgz",
      "integrity": "sha1-WFhUf2spB1fulczMZm+1AITEYN0=",
      "dev": true
    },
    "unist-util-visit": {
      "version": "1.1.3",
      "resolved": "https://registry.npmjs.org/unist-util-visit/-/unist-util-visit-1.1.3.tgz",
      "integrity": "sha1-7CaOcxudJ3p5pbWqBkOZDkBdYAs=",
      "dev": true
    },
    "vfile-location": {
      "version": "2.0.2",
      "resolved": "https://registry.npmjs.org/vfile-location/-/vfile-location-2.0.2.tgz",
      "integrity": "sha1-02dcWch3SY5JK0dW/2Xkrxp1IlU=",
      "dev": true
    }
  }
}
